{
  "version": 4,
  "terraform_version": "1.6.2",
  "serial": 36,
  "lineage": "abb6f1ea-8762-7850-3132-5d4aaa25e231",
  "outputs": {},
  "resources": [
    {
      "mode": "managed",
      "type": "aws_elb",
      "name": "bar",
      "provider": "provider[\"registry.terraform.io/hashicorp/aws\"]",
      "instances": [
        {
          "schema_version": 0,
          "attributes": {
            "access_logs": [],
            "arn": "arn:aws:elasticloadbalancing:us-east-1:661189729880:loadbalancer/myelb",
            "availability_zones": [
              "us-east-1a",
              "us-east-1b"
            ],
            "connection_draining": true,
            "connection_draining_timeout": 400,
            "cross_zone_load_balancing": true,
            "desync_mitigation_mode": "defensive",
            "dns_name": "myelb-191597187.us-east-1.elb.amazonaws.com",
            "health_check": [
              {
                "healthy_threshold": 2,
                "interval": 30,
                "target": "HTTP:8000/",
                "timeout": 3,
                "unhealthy_threshold": 2
              }
            ],
            "id": "myelb",
            "idle_timeout": 400,
            "instances": [],
            "internal": false,
            "listener": [
              {
                "instance_port": 8000,
                "instance_protocol": "http",
                "lb_port": 80,
                "lb_protocol": "http",
                "ssl_certificate_id": ""
              }
            ],
            "name": "myelb",
            "name_prefix": "",
            "security_groups": [
              "sg-0a1d931ff05b9d3b5"
            ],
            "source_security_group": "661189729880/default_elb_b8db1eba-6e6f-3b3d-9923-add0a5647312",
            "source_security_group_id": "sg-0a1d931ff05b9d3b5",
            "subnets": [
              "subnet-0a8456f8eb7466b0d",
              "subnet-0efb56ab66ac4ab14"
            ],
            "tags": {
              "Name": "foobar-terraform-elb"
            },
            "tags_all": {
              "Name": "foobar-terraform-elb"
            },
            "timeouts": null,
            "zone_id": "Z35SXDOTRQ7X7K"
          },
          "sensitive_attributes": [],
          "private": "eyJlMmJmYjczMC1lY2FhLTExZTYtOGY4OC0zNDM2M2JjN2M0YzAiOnsiY3JlYXRlIjozMDAwMDAwMDAwMDAsInVwZGF0ZSI6MzAwMDAwMDAwMDAwfX0="
        }
      ]
    }
  ],
  "check_results": null
}
